
Microsoft Visual Studio Solution File, Format Version 12.00
# Visual Studio 15
VisualStudioVersion = 15.0.28010.2019
MinimumVisualStudioVersion = 10.0.40219.1
Project("{FAE04EC0-301F-11D3-BF4B-00C04F79EFBC}") = "gpii-tesseract", "gpii-tesseract\gpii-tesseract.csproj", "{695EFD6A-EFC8-4D21-A299-584C02D161D1}"
EndProject
Global
	GlobalSection(SolutionConfigurationPlatforms) = preSolution
		Debug|Any CPU = Debug|Any CPU
		Release|Any CPU = Release|Any CPU
	EndGlobalSection
	GlobalSection(ProjectConfigurationPlatforms) = postSolution
		{695EFD6A-EFC8-4D21-A299-584C02D161D1}.Debug|Any CPU.ActiveCfg = Debug|Any CPU
		{695EFD6A-EFC8-4D21-A299-584C02D161D1}.Debug|Any CPU.Build.0 = Debug|Any CPU
		{695EFD6A-EFC8-4D21-A299-584C02D161D1}.Release|Any CPU.ActiveCfg = Release|Any CPU
		{695EFD6A-EFC8-4D21-A299-584C02D161D1}.Release|Any CPU.Build.0 = Release|Any CPU
	EndGlobalSection
	GlobalSection(SolutionProperties) = preSolution
		HideSolutionNode = FALSE
	EndGlobalSection
	GlobalSection(ExtensibilityGlobals) = postSolution
		SolutionGuid = {7E65F427-C6C6-4A8E-ABC9-3B4806DCB881}
	EndGlobalSection
EndGlobal
